{
  "originHash" : "c5755fcc063a0eb9b8ca56227b4a814af3dc50166736dedb44b6f3990c563ef0",
  "pins" : [
    {
      "identity" : "arasanembedded",
      "kind" : "remoteSourceControl",
      "location" : "https://github.com/Trickfest/ArasanEmbedded.git",
      "state" : {
        "revision" : "ec3f18270bed8470f47dee8bb09a97455cdcd47a",
        "version" : "1.0.3"
      }
    },
    {
      "identity" : "swift-argument-parser",
      "kind" : "remoteSourceControl",
      "location" : "https://github.com/apple/swift-argument-parser",
      "state" : {
        "revision" : "c5d11a805e765f52ba34ec7284bd4fcd6ba68615",
        "version" : "1.7.0"
      }
    }
  ],
  "version" : 3
}
