{
  "originHash" : "68c9d017f767cdafc1222ab94b40213633ed377d35f12970d1dd62ad2a40205f",
  "pins" : [
    {
      "identity" : "arasanembedded",
      "kind" : "remoteSourceControl",
      "location" : "https://github.com/Trickfest/ArasanEmbedded.git",
      "state" : {
        "revision" : "eeacabe21a67091a7c33b3a9aeefd54071643fa8",
        "version" : "1.4.0"
      }
    }
  ],
  "version" : 3
}
