{
  "originHash" : "68c9d017f767cdafc1222ab94b40213633ed377d35f12970d1dd62ad2a40205f",
  "pins" : [
    {
      "identity" : "arasanembedded",
      "kind" : "remoteSourceControl",
      "location" : "https://github.com/Trickfest/ArasanEmbedded.git",
      "state" : {
        "revision" : "851370051b4ebb1221136148a46d4a84ddf50866",
        "version" : "1.3.0"
      }
    }
  ],
  "version" : 3
}
