// !$*UTF8*$!
{
	archiveVersion = 1;
	classes = {
	};
	objectVersion = 77;
	objects = {

/* Begin PBXBuildFile section */
		013DBCF49E3247448AAC9CB5 /* libSFEngine-iOS.a in Frameworks */ = {isa = PBXBuildFile; fileRef = 6695D73B1C9B4ABE995ACB95 /* libSFEngine-iOS.a */; };
		A5A100000000000000000001 /* ArasanEmbedded in Frameworks */ = {isa = PBXBuildFile; productRef = A5A100000000000000000003 /* ArasanEmbedded */; };
		C0D10000000000000000000C /* ChessUI in Frameworks */ = {isa = PBXBuildFile; productRef = C0D10000000000000000000D /* ChessUI */; };
		D4D200000000000000000001 /* ChessCore in Frameworks */ = {isa = PBXBuildFile; productRef = D4D200000000000000004 /* ChessCore */; };
		D4D200000000000000000002 /* ChessUI in Frameworks */ = {isa = PBXBuildFile; productRef = D4D200000000000000005 /* ChessUI */; };
		D4D200000000000000000007 /* ChessUCI in Frameworks */ = {isa = PBXBuildFile; productRef = D4D200000000000000006 /* ChessUCI */; };
	/* End PBXBuildFile section */

/* Begin PBXContainerItemProxy section */
		E53F0AD62BEE4267AD0821E8 /* PBXContainerItemProxy */ = {
			isa = PBXContainerItemProxy;
			containerPortal = 7E4D630C60AF4D49B8EAA520 /* StockfishEmbedded.xcodeproj */;
			proxyType = 1;
			remoteGlobalIDString = A1F000000000000000000020;
			remoteInfo = "SFEngine-iOS";
		};
		8CAE44A4F81840E29C0B770B /* PBXContainerItemProxy */ = {
			isa = PBXContainerItemProxy;
			containerPortal = 7E4D630C60AF4D49B8EAA520 /* StockfishEmbedded.xcodeproj */;
			proxyType = 2;
			remoteGlobalIDString = A1F000000000000000000010;
			remoteInfo = "libSFEngine-iOS.a";
		};
		C0D100000000000000000008 /* PBXContainerItemProxy */ = {
			isa = PBXContainerItemProxy;
			containerPortal = BBE95A352F09B47C003C9B73 /* Project object */;
			proxyType = 1;
			remoteGlobalIDString = BBE95A3C2F09B47C003C9B73;
			remoteInfo = SwiftChessDemo;
		};
		E4F100000000000000000008 /* PBXContainerItemProxy */ = {
			isa = PBXContainerItemProxy;
			containerPortal = BBE95A352F09B47C003C9B73 /* Project object */;
			proxyType = 1;
			remoteGlobalIDString = BBE95A3C2F09B47C003C9B73;
			remoteInfo = SwiftChessDemo;
		};
/* End PBXContainerItemProxy section */

/* Begin PBXFileReference section */
		BBE95A3D2F09B47C003C9B73 /* SwiftChessDemo.app */ = {isa = PBXFileReference; explicitFileType = wrapper.application; includeInIndex = 0; path = SwiftChessDemo.app; sourceTree = BUILT_PRODUCTS_DIR; };
		C0D100000000000000000001 /* SwiftChessDemoUITests.xctest */ = {isa = PBXFileReference; explicitFileType = wrapper.cfbundle; includeInIndex = 0; path = SwiftChessDemoUITests.xctest; sourceTree = BUILT_PRODUCTS_DIR; };
		E4F100000000000000000001 /* SwiftChessDemoTests.xctest */ = {isa = PBXFileReference; explicitFileType = wrapper.cfbundle; includeInIndex = 0; path = SwiftChessDemoTests.xctest; sourceTree = BUILT_PRODUCTS_DIR; };
		7E4D630C60AF4D49B8EAA520 /* StockfishEmbedded.xcodeproj */ = {isa = PBXFileReference; lastKnownFileType = "wrapper.pb-project"; path = StockfishEmbedded.xcodeproj; sourceTree = "<group>"; };
	/* End PBXFileReference section */

/* Begin PBXFileSystemSynchronizedRootGroup section */
		BBE95A3F2F09B47C003C9B73 /* SwiftChessDemo */ = {
			isa = PBXFileSystemSynchronizedRootGroup;
			path = SwiftChessDemo;
			sourceTree = "<group>";
		};
		C0D100000000000000000002 /* SwiftChessDemoUITests */ = {
			isa = PBXFileSystemSynchronizedRootGroup;
			path = SwiftChessDemoUITests;
			sourceTree = "<group>";
		};
		E4F100000000000000000002 /* SwiftChessDemoTests */ = {
			isa = PBXFileSystemSynchronizedRootGroup;
			path = SwiftChessDemoTests;
			sourceTree = "<group>";
		};
/* End PBXFileSystemSynchronizedRootGroup section */

/* Begin PBXFrameworksBuildPhase section */
		BBE95A3A2F09B47C003C9B73 /* Frameworks */ = {
			isa = PBXFrameworksBuildPhase;
			buildActionMask = 2147483647;
			files = (
				013DBCF49E3247448AAC9CB5 /* libSFEngine-iOS.a in Frameworks */,
				A5A100000000000000000001 /* ArasanEmbedded in Frameworks */,
				D4D200000000000000000001 /* ChessCore in Frameworks */,
				D4D200000000000000000002 /* ChessUI in Frameworks */,
				D4D200000000000000000007 /* ChessUCI in Frameworks */,
			);
			runOnlyForDeploymentPostprocessing = 0;
		};
		0F07686547624E93BF59F89E /* Frameworks */ = {
			isa = PBXFrameworksBuildPhase;
			buildActionMask = 2147483647;
			files = (
			);
			runOnlyForDeploymentPostprocessing = 0;
		};
		C0D100000000000000000004 /* Frameworks */ = {
			isa = PBXFrameworksBuildPhase;
			buildActionMask = 2147483647;
			files = (
				C0D10000000000000000000C /* ChessUI in Frameworks */,
			);
			runOnlyForDeploymentPostprocessing = 0;
		};
		E4F100000000000000000004 /* Frameworks */ = {
			isa = PBXFrameworksBuildPhase;
			buildActionMask = 2147483647;
			files = (
			);
			runOnlyForDeploymentPostprocessing = 0;
		};
/* End PBXFrameworksBuildPhase section */

/* Begin PBXGroup section */
		BBE95A342F09B47C003C9B73 = {
			isa = PBXGroup;
			children = (
				BBE95A3F2F09B47C003C9B73 /* SwiftChessDemo */,
				E4F100000000000000000002 /* SwiftChessDemoTests */,
				C0D100000000000000000002 /* SwiftChessDemoUITests */,
				98B1DCE8F742402ABA9F1B83 /* Dependencies */,
				BBE95A3E2F09B47C003C9B73 /* Products */,
			);
			sourceTree = "<group>";
		};
		BBE95A3E2F09B47C003C9B73 /* Products */ = {
			isa = PBXGroup;
			children = (
				BBE95A3D2F09B47C003C9B73 /* SwiftChessDemo.app */,
				E4F100000000000000000001 /* SwiftChessDemoTests.xctest */,
				C0D100000000000000000001 /* SwiftChessDemoUITests.xctest */,
			);
			name = Products;
			sourceTree = "<group>";
		};
		98B1DCE8F742402ABA9F1B83 /* Dependencies */ = {
			isa = PBXGroup;
			children = (
				C14C7C944506437DA7F45D71 /* StockfishEmbedded */,
			);
			name = Dependencies;
			sourceTree = "<group>";
		};
		C14C7C944506437DA7F45D71 /* StockfishEmbedded */ = {
			isa = PBXGroup;
			children = (
				7E4D630C60AF4D49B8EAA520 /* StockfishEmbedded.xcodeproj */,
				3944A0BA970E4E6DB1D68347 /* Products */,
			);
			name = StockfishEmbedded;
			path = ../StockfishEmbedded;
			sourceTree = "<group>";
		};
		3944A0BA970E4E6DB1D68347 /* Products */ = {
			isa = PBXGroup;
			children = (
				6695D73B1C9B4ABE995ACB95 /* libSFEngine-iOS.a */,
			);
			name = Products;
			sourceTree = "<group>";
		};
/* End PBXGroup section */

/* Begin PBXNativeTarget section */
		BBE95A3C2F09B47C003C9B73 /* SwiftChessDemo */ = {
			isa = PBXNativeTarget;
			buildConfigurationList = BBE95A482F09B47D003C9B73 /* Build configuration list for PBXNativeTarget "SwiftChessDemo" */;
				buildPhases = (
					BBE95A392F09B47C003C9B73 /* Sources */,
					BBE95A3A2F09B47C003C9B73 /* Frameworks */,
					BBE95A3B2F09B47C003C9B73 /* Resources */,
				);
			buildRules = (
			);
			dependencies = (
				73D91B036EEC49F0AF27C841 /* SFEngine-iOS */,
			);
			fileSystemSynchronizedGroups = (
				BBE95A3F2F09B47C003C9B73 /* SwiftChessDemo */,
			);
			name = SwiftChessDemo;
			packageProductDependencies = (
				D4D200000000000000000004 /* ChessCore */,
				D4D200000000000000000005 /* ChessUI */,
				D4D200000000000000000006 /* ChessUCI */,
				A5A100000000000000000003 /* ArasanEmbedded */,
			);
			productName = SwiftChessDemo;
			productReference = BBE95A3D2F09B47C003C9B73 /* SwiftChessDemo.app */;
			productType = "com.apple.product-type.application";
		};
		E4F100000000000000000006 /* SwiftChessDemoTests */ = {
			isa = PBXNativeTarget;
			buildConfigurationList = E4F100000000000000000009 /* Build configuration list for PBXNativeTarget "SwiftChessDemoTests" */;
			buildPhases = (
				E4F100000000000000000003 /* Sources */,
				E4F100000000000000000004 /* Frameworks */,
				E4F100000000000000000005 /* Resources */,
			);
			buildRules = (
			);
			dependencies = (
				E4F100000000000000000007 /* PBXTargetDependency */,
			);
			fileSystemSynchronizedGroups = (
				E4F100000000000000000002 /* SwiftChessDemoTests */,
			);
			name = SwiftChessDemoTests;
			packageProductDependencies = (
			);
			productName = SwiftChessDemoTests;
			productReference = E4F100000000000000000001 /* SwiftChessDemoTests.xctest */;
			productType = "com.apple.product-type.bundle.unit-test";
		};
		C0D100000000000000000006 /* SwiftChessDemoUITests */ = {
			isa = PBXNativeTarget;
			buildConfigurationList = C0D100000000000000000009 /* Build configuration list for PBXNativeTarget "SwiftChessDemoUITests" */;
			buildPhases = (
				C0D100000000000000000003 /* Sources */,
				C0D100000000000000000004 /* Frameworks */,
				C0D100000000000000000005 /* Resources */,
			);
			buildRules = (
			);
			dependencies = (
				C0D100000000000000000007 /* PBXTargetDependency */,
			);
			fileSystemSynchronizedGroups = (
				C0D100000000000000000002 /* SwiftChessDemoUITests */,
			);
			name = SwiftChessDemoUITests;
			packageProductDependencies = (
				C0D10000000000000000000D /* ChessUI */,
			);
			productName = SwiftChessDemoUITests;
			productReference = C0D100000000000000000001 /* SwiftChessDemoUITests.xctest */;
			productType = "com.apple.product-type.bundle.ui-testing";
		};
	/* End PBXNativeTarget section */

/* Begin PBXProject section */
		BBE95A352F09B47C003C9B73 /* Project object */ = {
			isa = PBXProject;
			attributes = {
				BuildIndependentTargetsInParallel = 1;
				LastSwiftUpdateCheck = 2600;
				LastUpgradeCheck = 2600;
				TargetAttributes = {
					BBE95A3C2F09B47C003C9B73 = {
						CreatedOnToolsVersion = 26.0;
					};
					E4F100000000000000000006 = {
						CreatedOnToolsVersion = 26.0;
						TestTargetID = BBE95A3C2F09B47C003C9B73;
					};
					C0D100000000000000000006 = {
						CreatedOnToolsVersion = 26.0;
						TestTargetID = BBE95A3C2F09B47C003C9B73;
					};
				};
			};
			buildConfigurationList = BBE95A382F09B47C003C9B73 /* Build configuration list for PBXProject "SwiftChessDemo" */;
			developmentRegion = en;
			hasScannedForEncodings = 0;
			knownRegions = (
				en,
				Base,
			);
			mainGroup = BBE95A342F09B47C003C9B73;
			minimizedProjectReferenceProxies = 1;
			packageReferences = (
				D4D200000000000000000003 /* XCLocalSwiftPackageReference "../SwiftChessTools" */,
				A5A100000000000000000002 /* XCRemoteSwiftPackageReference "ArasanEmbedded" */,
			);
			preferredProjectObjectVersion = 77;
			productRefGroup = BBE95A3E2F09B47C003C9B73 /* Products */;
			projectDirPath = "";
			projectRoot = "";
			projectReferences = (
				{
					ProductGroup = 3944A0BA970E4E6DB1D68347 /* Products */;
					ProjectRef = 7E4D630C60AF4D49B8EAA520 /* StockfishEmbedded.xcodeproj */;
				},
			);
			targets = (
				BBE95A3C2F09B47C003C9B73 /* SwiftChessDemo */,
				E4F100000000000000000006 /* SwiftChessDemoTests */,
				C0D100000000000000000006 /* SwiftChessDemoUITests */,
			);
		};
/* End PBXProject section */

/* Begin PBXReferenceProxy section */
		6695D73B1C9B4ABE995ACB95 /* libSFEngine-iOS.a */ = {
			isa = PBXReferenceProxy;
			fileType = archive.ar;
			path = libSFEngine-iOS.a;
			remoteRef = 8CAE44A4F81840E29C0B770B /* PBXContainerItemProxy */;
			sourceTree = BUILT_PRODUCTS_DIR;
		};
/* End PBXReferenceProxy section */

/* Begin PBXResourcesBuildPhase section */
		BBE95A3B2F09B47C003C9B73 /* Resources */ = {
			isa = PBXResourcesBuildPhase;
			buildActionMask = 2147483647;
			files = (
			);
			runOnlyForDeploymentPostprocessing = 0;
		};
		C0D100000000000000000005 /* Resources */ = {
			isa = PBXResourcesBuildPhase;
			buildActionMask = 2147483647;
			files = (
			);
			runOnlyForDeploymentPostprocessing = 0;
		};
		E4F100000000000000000005 /* Resources */ = {
			isa = PBXResourcesBuildPhase;
			buildActionMask = 2147483647;
			files = (
			);
			runOnlyForDeploymentPostprocessing = 0;
		};
/* End PBXResourcesBuildPhase section */

/* Begin PBXSourcesBuildPhase section */
		BBE95A392F09B47C003C9B73 /* Sources */ = {
			isa = PBXSourcesBuildPhase;
			buildActionMask = 2147483647;
			files = (
			);
			runOnlyForDeploymentPostprocessing = 0;
		};
		C0D100000000000000000003 /* Sources */ = {
			isa = PBXSourcesBuildPhase;
			buildActionMask = 2147483647;
			files = (
			);
			runOnlyForDeploymentPostprocessing = 0;
		};
		E4F100000000000000000003 /* Sources */ = {
			isa = PBXSourcesBuildPhase;
			buildActionMask = 2147483647;
			files = (
			);
			runOnlyForDeploymentPostprocessing = 0;
		};
/* End PBXSourcesBuildPhase section */

/* Begin PBXTargetDependency section */
		73D91B036EEC49F0AF27C841 /* SFEngine-iOS */ = {
			isa = PBXTargetDependency;
			targetProxy = E53F0AD62BEE4267AD0821E8 /* PBXContainerItemProxy */;
		};
		C0D100000000000000000007 /* PBXTargetDependency */ = {
			isa = PBXTargetDependency;
			target = BBE95A3C2F09B47C003C9B73 /* SwiftChessDemo */;
			targetProxy = C0D100000000000000000008 /* PBXContainerItemProxy */;
		};
		E4F100000000000000000007 /* PBXTargetDependency */ = {
			isa = PBXTargetDependency;
			target = BBE95A3C2F09B47C003C9B73 /* SwiftChessDemo */;
			targetProxy = E4F100000000000000000008 /* PBXContainerItemProxy */;
		};
/* End PBXTargetDependency section */

/* Begin XCRemoteSwiftPackageReference section */
		A5A100000000000000000002 /* XCRemoteSwiftPackageReference "ArasanEmbedded" */ = {
			isa = XCRemoteSwiftPackageReference;
			repositoryURL = "https://github.com/Trickfest/ArasanEmbedded.git";
			requirement = {
				kind = upToNextMajorVersion;
				minimumVersion = 1.0.1;
			};
		};
/* End XCRemoteSwiftPackageReference section */

/* Begin XCLocalSwiftPackageReference section */
		D4D200000000000000000003 /* XCLocalSwiftPackageReference "../SwiftChessTools" */ = {
			isa = XCLocalSwiftPackageReference;
			relativePath = ../SwiftChessTools;
		};
/* End XCLocalSwiftPackageReference section */

/* Begin XCSwiftPackageProductDependency section */
		A5A100000000000000000003 /* ArasanEmbedded */ = {
			isa = XCSwiftPackageProductDependency;
			package = A5A100000000000000000002 /* XCRemoteSwiftPackageReference "ArasanEmbedded" */;
			productName = ArasanEmbedded;
		};
		D4D200000000000000000004 /* ChessCore */ = {
			isa = XCSwiftPackageProductDependency;
			productName = ChessCore;
		};
		D4D200000000000000000005 /* ChessUI */ = {
			isa = XCSwiftPackageProductDependency;
			productName = ChessUI;
		};
		D4D200000000000000000006 /* ChessUCI */ = {
			isa = XCSwiftPackageProductDependency;
			productName = ChessUCI;
		};
		C0D10000000000000000000D /* ChessUI */ = {
			isa = XCSwiftPackageProductDependency;
			productName = ChessUI;
		};
/* End XCSwiftPackageProductDependency section */

/* Begin XCBuildConfiguration section */
		BBE95A462F09B47D003C9B73 /* Debug */ = {
			isa = XCBuildConfiguration;
			buildSettings = {
				ALWAYS_SEARCH_USER_PATHS = NO;
				ASSETCATALOG_COMPILER_GENERATE_SWIFT_ASSET_SYMBOL_EXTENSIONS = YES;
				CLANG_ANALYZER_NONNULL = YES;
				CLANG_ANALYZER_NUMBER_OBJECT_CONVERSION = YES_AGGRESSIVE;
				CLANG_CXX_LANGUAGE_STANDARD = "gnu++20";
				CLANG_ENABLE_MODULES = YES;
				CLANG_ENABLE_OBJC_ARC = YES;
				CLANG_ENABLE_OBJC_WEAK = YES;
				CLANG_WARN_BLOCK_CAPTURE_AUTORELEASING = YES;
				CLANG_WARN_BOOL_CONVERSION = YES;
				CLANG_WARN_COMMA = YES;
				CLANG_WARN_CONSTANT_CONVERSION = YES;
				CLANG_WARN_DEPRECATED_OBJC_IMPLEMENTATIONS = YES;
				CLANG_WARN_DIRECT_OBJC_ISA_USAGE = YES_ERROR;
				CLANG_WARN_DOCUMENTATION_COMMENTS = YES;
				CLANG_WARN_EMPTY_BODY = YES;
				CLANG_WARN_ENUM_CONVERSION = YES;
				CLANG_WARN_INFINITE_RECURSION = YES;
				CLANG_WARN_INT_CONVERSION = YES;
				CLANG_WARN_NON_LITERAL_NULL_CONVERSION = YES;
				CLANG_WARN_OBJC_IMPLICIT_RETAIN_SELF = YES;
				CLANG_WARN_OBJC_LITERAL_CONVERSION = YES;
				CLANG_WARN_OBJC_ROOT_CLASS = YES_ERROR;
				CLANG_WARN_QUOTED_INCLUDE_IN_FRAMEWORK_HEADER = YES;
				CLANG_WARN_RANGE_LOOP_ANALYSIS = YES;
				CLANG_WARN_STRICT_PROTOTYPES = YES;
				CLANG_WARN_SUSPICIOUS_MOVE = YES;
				CLANG_WARN_UNGUARDED_AVAILABILITY = YES_AGGRESSIVE;
				CLANG_WARN_UNREACHABLE_CODE = YES;
				CLANG_WARN__DUPLICATE_METHOD_MATCH = YES;
				COPY_PHASE_STRIP = NO;
				DEBUG_INFORMATION_FORMAT = dwarf;
				DEVELOPMENT_TEAM = LVYMXM9579;
				ENABLE_STRICT_OBJC_MSGSEND = YES;
				ENABLE_TESTABILITY = YES;
				ENABLE_USER_SCRIPT_SANDBOXING = YES;
				GCC_C_LANGUAGE_STANDARD = gnu17;
				GCC_DYNAMIC_NO_PIC = NO;
				GCC_NO_COMMON_BLOCKS = YES;
				GCC_OPTIMIZATION_LEVEL = 0;
				GCC_PREPROCESSOR_DEFINITIONS = (
					"DEBUG=1",
					"$(inherited)",
				);
				GCC_WARN_64_TO_32_BIT_CONVERSION = YES;
				GCC_WARN_ABOUT_RETURN_TYPE = YES_ERROR;
				GCC_WARN_UNDECLARED_SELECTOR = YES;
				GCC_WARN_UNINITIALIZED_AUTOS = YES_AGGRESSIVE;
				GCC_WARN_UNUSED_FUNCTION = YES;
				GCC_WARN_UNUSED_VARIABLE = YES;
				IPHONEOS_DEPLOYMENT_TARGET = 26.0;
				LOCALIZATION_PREFERS_STRING_CATALOGS = YES;
				MTL_ENABLE_DEBUG_INFO = INCLUDE_SOURCE;
				MTL_FAST_MATH = YES;
				ONLY_ACTIVE_ARCH = YES;
				SDKROOT = iphoneos;
				SWIFT_ACTIVE_COMPILATION_CONDITIONS = "DEBUG $(inherited)";
				SWIFT_OPTIMIZATION_LEVEL = "-Onone";
			};
			name = Debug;
		};
		BBE95A472F09B47D003C9B73 /* Release */ = {
			isa = XCBuildConfiguration;
			buildSettings = {
				ALWAYS_SEARCH_USER_PATHS = NO;
				ASSETCATALOG_COMPILER_GENERATE_SWIFT_ASSET_SYMBOL_EXTENSIONS = YES;
				CLANG_ANALYZER_NONNULL = YES;
				CLANG_ANALYZER_NUMBER_OBJECT_CONVERSION = YES_AGGRESSIVE;
				CLANG_CXX_LANGUAGE_STANDARD = "gnu++20";
				CLANG_ENABLE_MODULES = YES;
				CLANG_ENABLE_OBJC_ARC = YES;
				CLANG_ENABLE_OBJC_WEAK = YES;
				CLANG_WARN_BLOCK_CAPTURE_AUTORELEASING = YES;
				CLANG_WARN_BOOL_CONVERSION = YES;
				CLANG_WARN_COMMA = YES;
				CLANG_WARN_CONSTANT_CONVERSION = YES;
				CLANG_WARN_DEPRECATED_OBJC_IMPLEMENTATIONS = YES;
				CLANG_WARN_DIRECT_OBJC_ISA_USAGE = YES_ERROR;
				CLANG_WARN_DOCUMENTATION_COMMENTS = YES;
				CLANG_WARN_EMPTY_BODY = YES;
				CLANG_WARN_ENUM_CONVERSION = YES;
				CLANG_WARN_INFINITE_RECURSION = YES;
				CLANG_WARN_INT_CONVERSION = YES;
				CLANG_WARN_NON_LITERAL_NULL_CONVERSION = YES;
				CLANG_WARN_OBJC_IMPLICIT_RETAIN_SELF = YES;
				CLANG_WARN_OBJC_LITERAL_CONVERSION = YES;
				CLANG_WARN_OBJC_ROOT_CLASS = YES_ERROR;
				CLANG_WARN_QUOTED_INCLUDE_IN_FRAMEWORK_HEADER = YES;
				CLANG_WARN_RANGE_LOOP_ANALYSIS = YES;
				CLANG_WARN_STRICT_PROTOTYPES = YES;
				CLANG_WARN_SUSPICIOUS_MOVE = YES;
				CLANG_WARN_UNGUARDED_AVAILABILITY = YES_AGGRESSIVE;
				CLANG_WARN_UNREACHABLE_CODE = YES;
				CLANG_WARN__DUPLICATE_METHOD_MATCH = YES;
				COPY_PHASE_STRIP = NO;
				DEBUG_INFORMATION_FORMAT = "dwarf-with-dsym";
				DEVELOPMENT_TEAM = LVYMXM9579;
				ENABLE_NS_ASSERTIONS = NO;
				ENABLE_STRICT_OBJC_MSGSEND = YES;
				ENABLE_USER_SCRIPT_SANDBOXING = YES;
				GCC_C_LANGUAGE_STANDARD = gnu17;
				GCC_NO_COMMON_BLOCKS = YES;
				GCC_WARN_64_TO_32_BIT_CONVERSION = YES;
				GCC_WARN_ABOUT_RETURN_TYPE = YES_ERROR;
				GCC_WARN_UNDECLARED_SELECTOR = YES;
				GCC_WARN_UNINITIALIZED_AUTOS = YES_AGGRESSIVE;
				GCC_WARN_UNUSED_FUNCTION = YES;
				GCC_WARN_UNUSED_VARIABLE = YES;
				IPHONEOS_DEPLOYMENT_TARGET = 26.0;
				LOCALIZATION_PREFERS_STRING_CATALOGS = YES;
				MTL_ENABLE_DEBUG_INFO = NO;
				MTL_FAST_MATH = YES;
				SDKROOT = iphoneos;
				SWIFT_COMPILATION_MODE = wholemodule;
				VALIDATE_PRODUCT = YES;
			};
			name = Release;
		};
		BBE95A492F09B47D003C9B73 /* Debug */ = {
			isa = XCBuildConfiguration;
			buildSettings = {
				ASSETCATALOG_COMPILER_APPICON_NAME = AppIcon;
				ASSETCATALOG_COMPILER_GLOBAL_ACCENT_COLOR_NAME = AccentColor;
				CODE_SIGN_STYLE = Automatic;
				CURRENT_PROJECT_VERSION = 1;
				DEVELOPMENT_TEAM = LVYMXM9579;
				ENABLE_PREVIEWS = YES;
				GENERATE_INFOPLIST_FILE = YES;
					HEADER_SEARCH_PATHS = (
						"$(inherited)",
						"$(PROJECT_DIR)/../StockfishEmbedded/Sources/SFEngine",
					);
				INFOPLIST_KEY_UIApplicationSceneManifest_Generation = YES;
				INFOPLIST_KEY_UIApplicationSupportsIndirectInputEvents = YES;
				INFOPLIST_KEY_UILaunchScreen_Generation = YES;
				INFOPLIST_KEY_UISupportedInterfaceOrientations_iPad = "UIInterfaceOrientationPortrait UIInterfaceOrientationPortraitUpsideDown UIInterfaceOrientationLandscapeLeft UIInterfaceOrientationLandscapeRight";
				INFOPLIST_KEY_UISupportedInterfaceOrientations_iPhone = "UIInterfaceOrientationPortrait UIInterfaceOrientationLandscapeLeft UIInterfaceOrientationLandscapeRight";
				LD_RUNPATH_SEARCH_PATHS = (
					"$(inherited)",
					"@executable_path/Frameworks",
				);
				OTHER_LDFLAGS = (
					"$(inherited)",
					"-lc++",
				);
				MARKETING_VERSION = 1.0.3;
				PRODUCT_BUNDLE_IDENTIFIER = trickfest.SwiftChessDemo;
				PRODUCT_NAME = "$(TARGET_NAME)";
				STRING_CATALOG_GENERATE_SYMBOLS = YES;
				SWIFT_APPROACHABLE_CONCURRENCY = YES;
				SWIFT_DEFAULT_ACTOR_ISOLATION = MainActor;
				SWIFT_EMIT_LOC_STRINGS = YES;
				SWIFT_OBJC_BRIDGING_HEADER = SwiftChessDemo/SwiftChessDemo-Bridging-Header.h;
				SWIFT_UPCOMING_FEATURE_MEMBER_IMPORT_VISIBILITY = YES;
				SWIFT_VERSION = 5.0;
				TARGETED_DEVICE_FAMILY = "1,2";
			};
			name = Debug;
		};
		BBE95A4A2F09B47D003C9B73 /* Release */ = {
			isa = XCBuildConfiguration;
			buildSettings = {
				ASSETCATALOG_COMPILER_APPICON_NAME = AppIcon;
				ASSETCATALOG_COMPILER_GLOBAL_ACCENT_COLOR_NAME = AccentColor;
				CODE_SIGN_STYLE = Automatic;
				CURRENT_PROJECT_VERSION = 1;
				DEVELOPMENT_TEAM = LVYMXM9579;
				ENABLE_PREVIEWS = YES;
				GENERATE_INFOPLIST_FILE = YES;
					HEADER_SEARCH_PATHS = (
						"$(inherited)",
						"$(PROJECT_DIR)/../StockfishEmbedded/Sources/SFEngine",
					);
				INFOPLIST_KEY_UIApplicationSceneManifest_Generation = YES;
				INFOPLIST_KEY_UIApplicationSupportsIndirectInputEvents = YES;
				INFOPLIST_KEY_UILaunchScreen_Generation = YES;
				INFOPLIST_KEY_UISupportedInterfaceOrientations_iPad = "UIInterfaceOrientationPortrait UIInterfaceOrientationPortraitUpsideDown UIInterfaceOrientationLandscapeLeft UIInterfaceOrientationLandscapeRight";
				INFOPLIST_KEY_UISupportedInterfaceOrientations_iPhone = "UIInterfaceOrientationPortrait UIInterfaceOrientationLandscapeLeft UIInterfaceOrientationLandscapeRight";
				LD_RUNPATH_SEARCH_PATHS = (
					"$(inherited)",
					"@executable_path/Frameworks",
				);
				OTHER_LDFLAGS = (
					"$(inherited)",
					"-lc++",
				);
				MARKETING_VERSION = 1.0.3;
				PRODUCT_BUNDLE_IDENTIFIER = trickfest.SwiftChessDemo;
				PRODUCT_NAME = "$(TARGET_NAME)";
				STRING_CATALOG_GENERATE_SYMBOLS = YES;
				SWIFT_APPROACHABLE_CONCURRENCY = YES;
				SWIFT_DEFAULT_ACTOR_ISOLATION = MainActor;
				SWIFT_EMIT_LOC_STRINGS = YES;
				SWIFT_OBJC_BRIDGING_HEADER = SwiftChessDemo/SwiftChessDemo-Bridging-Header.h;
				SWIFT_UPCOMING_FEATURE_MEMBER_IMPORT_VISIBILITY = YES;
				SWIFT_VERSION = 5.0;
				TARGETED_DEVICE_FAMILY = "1,2";
			};
			name = Release;
		};
		E4F10000000000000000000A /* Debug */ = {
			isa = XCBuildConfiguration;
			buildSettings = {
				BUNDLE_LOADER = "$(TEST_HOST)";
				CODE_SIGN_STYLE = Automatic;
				CURRENT_PROJECT_VERSION = 1;
				DEVELOPMENT_TEAM = LVYMXM9579;
				ENABLE_TESTING_SEARCH_PATHS = YES;
				GENERATE_INFOPLIST_FILE = YES;
				HEADER_SEARCH_PATHS = (
					"$(inherited)",
					"$(PROJECT_DIR)/../StockfishEmbedded/Sources/SFEngine",
				);
				IPHONEOS_DEPLOYMENT_TARGET = 26.0;
				LD_RUNPATH_SEARCH_PATHS = (
					"$(inherited)",
					"@executable_path/Frameworks",
					"@loader_path/Frameworks",
				);
				MARKETING_VERSION = 1.0.3;
				PRODUCT_BUNDLE_IDENTIFIER = trickfest.SwiftChessDemoTests;
				PRODUCT_NAME = "$(TARGET_NAME)";
				SWIFT_APPROACHABLE_CONCURRENCY = YES;
				SWIFT_DEFAULT_ACTOR_ISOLATION = MainActor;
				SWIFT_UPCOMING_FEATURE_MEMBER_IMPORT_VISIBILITY = YES;
				SWIFT_VERSION = 5.0;
				TARGETED_DEVICE_FAMILY = "1,2";
				TEST_HOST = "$(BUILT_PRODUCTS_DIR)/SwiftChessDemo.app/$(BUNDLE_EXECUTABLE_FOLDER_PATH)/SwiftChessDemo";
				TEST_TARGET_NAME = SwiftChessDemo;
			};
			name = Debug;
		};
		E4F10000000000000000000B /* Release */ = {
			isa = XCBuildConfiguration;
			buildSettings = {
				BUNDLE_LOADER = "$(TEST_HOST)";
				CODE_SIGN_STYLE = Automatic;
				CURRENT_PROJECT_VERSION = 1;
				DEVELOPMENT_TEAM = LVYMXM9579;
				ENABLE_TESTING_SEARCH_PATHS = YES;
				GENERATE_INFOPLIST_FILE = YES;
				HEADER_SEARCH_PATHS = (
					"$(inherited)",
					"$(PROJECT_DIR)/../StockfishEmbedded/Sources/SFEngine",
				);
				IPHONEOS_DEPLOYMENT_TARGET = 26.0;
				LD_RUNPATH_SEARCH_PATHS = (
					"$(inherited)",
					"@executable_path/Frameworks",
					"@loader_path/Frameworks",
				);
				MARKETING_VERSION = 1.0.3;
				PRODUCT_BUNDLE_IDENTIFIER = trickfest.SwiftChessDemoTests;
				PRODUCT_NAME = "$(TARGET_NAME)";
				SWIFT_APPROACHABLE_CONCURRENCY = YES;
				SWIFT_DEFAULT_ACTOR_ISOLATION = MainActor;
				SWIFT_UPCOMING_FEATURE_MEMBER_IMPORT_VISIBILITY = YES;
				SWIFT_VERSION = 5.0;
				TARGETED_DEVICE_FAMILY = "1,2";
				TEST_HOST = "$(BUILT_PRODUCTS_DIR)/SwiftChessDemo.app/$(BUNDLE_EXECUTABLE_FOLDER_PATH)/SwiftChessDemo";
				TEST_TARGET_NAME = SwiftChessDemo;
			};
			name = Release;
		};
		C0D10000000000000000000A /* Debug */ = {
			isa = XCBuildConfiguration;
			buildSettings = {
				CODE_SIGN_STYLE = Automatic;
				CURRENT_PROJECT_VERSION = 1;
				DEVELOPMENT_TEAM = LVYMXM9579;
				ENABLE_TESTING_SEARCH_PATHS = YES;
				GENERATE_INFOPLIST_FILE = YES;
				IPHONEOS_DEPLOYMENT_TARGET = 26.0;
				LD_RUNPATH_SEARCH_PATHS = (
					"$(inherited)",
					"@executable_path/Frameworks",
					"@loader_path/Frameworks",
				);
				MARKETING_VERSION = 1.0.3;
				PRODUCT_BUNDLE_IDENTIFIER = trickfest.SwiftChessDemoUITests;
				PRODUCT_NAME = "$(TARGET_NAME)";
				SWIFT_APPROACHABLE_CONCURRENCY = YES;
				SWIFT_DEFAULT_ACTOR_ISOLATION = MainActor;
				SWIFT_UPCOMING_FEATURE_MEMBER_IMPORT_VISIBILITY = YES;
				SWIFT_VERSION = 5.0;
				TARGETED_DEVICE_FAMILY = "1,2";
				TEST_TARGET_NAME = SwiftChessDemo;
			};
			name = Debug;
		};
		C0D10000000000000000000B /* Release */ = {
			isa = XCBuildConfiguration;
			buildSettings = {
				CODE_SIGN_STYLE = Automatic;
				CURRENT_PROJECT_VERSION = 1;
				DEVELOPMENT_TEAM = LVYMXM9579;
				ENABLE_TESTING_SEARCH_PATHS = YES;
				GENERATE_INFOPLIST_FILE = YES;
				IPHONEOS_DEPLOYMENT_TARGET = 26.0;
				LD_RUNPATH_SEARCH_PATHS = (
					"$(inherited)",
					"@executable_path/Frameworks",
					"@loader_path/Frameworks",
				);
				MARKETING_VERSION = 1.0.3;
				PRODUCT_BUNDLE_IDENTIFIER = trickfest.SwiftChessDemoUITests;
				PRODUCT_NAME = "$(TARGET_NAME)";
				SWIFT_APPROACHABLE_CONCURRENCY = YES;
				SWIFT_DEFAULT_ACTOR_ISOLATION = MainActor;
				SWIFT_UPCOMING_FEATURE_MEMBER_IMPORT_VISIBILITY = YES;
				SWIFT_VERSION = 5.0;
				TARGETED_DEVICE_FAMILY = "1,2";
				TEST_TARGET_NAME = SwiftChessDemo;
			};
			name = Release;
		};
	/* End XCBuildConfiguration section */

/* Begin XCConfigurationList section */
		BBE95A382F09B47C003C9B73 /* Build configuration list for PBXProject "SwiftChessDemo" */ = {
			isa = XCConfigurationList;
			buildConfigurations = (
				BBE95A462F09B47D003C9B73 /* Debug */,
				BBE95A472F09B47D003C9B73 /* Release */,
			);
			defaultConfigurationIsVisible = 0;
			defaultConfigurationName = Release;
		};
		BBE95A482F09B47D003C9B73 /* Build configuration list for PBXNativeTarget "SwiftChessDemo" */ = {
			isa = XCConfigurationList;
			buildConfigurations = (
				BBE95A492F09B47D003C9B73 /* Debug */,
				BBE95A4A2F09B47D003C9B73 /* Release */,
			);
			defaultConfigurationIsVisible = 0;
			defaultConfigurationName = Release;
		};
		E4F100000000000000000009 /* Build configuration list for PBXNativeTarget "SwiftChessDemoTests" */ = {
			isa = XCConfigurationList;
			buildConfigurations = (
				E4F10000000000000000000A /* Debug */,
				E4F10000000000000000000B /* Release */,
			);
			defaultConfigurationIsVisible = 0;
			defaultConfigurationName = Release;
		};
		C0D100000000000000000009 /* Build configuration list for PBXNativeTarget "SwiftChessDemoUITests" */ = {
			isa = XCConfigurationList;
			buildConfigurations = (
				C0D10000000000000000000A /* Debug */,
				C0D10000000000000000000B /* Release */,
			);
			defaultConfigurationIsVisible = 0;
			defaultConfigurationName = Release;
		};
	/* End XCConfigurationList section */
	};
	rootObject = BBE95A352F09B47C003C9B73 /* Project object */;
}
